
Microsoft Visual Studio Solution File, Format Version 12.00
# Visual Studio Version 16
VisualStudioVersion = 16.0.29403.142
MinimumVisualStudioVersion = 10.0.40219.1
Project("{FAE04EC0-301F-11D3-BF4B-00C04F79EFBC}") = "Problema 3", "S7e1\Problema 3.csproj", "{8EE65663-5002-4F23-B3A5-C0021BB07DF0}"
EndProject
Project("{FAE04EC0-301F-11D3-BF4B-00C04F79EFBC}") = "Problema 1", "Problema 2\Problema 1.csproj", "{66CF06AA-8325-44FC-8223-335A509487B1}"
EndProject
Project("{FAE04EC0-301F-11D3-BF4B-00C04F79EFBC}") = "Prob 3", "Prob 3\Prob 3.csproj", "{282D2BDA-13B6-4760-B675-56075FF5D964}"
EndProject
Global
	GlobalSection(SolutionConfigurationPlatforms) = preSolution
		Debug|Any CPU = Debug|Any CPU
		Release|Any CPU = Release|Any CPU
	EndGlobalSection
	GlobalSection(ProjectConfigurationPlatforms) = postSolution
		{8EE65663-5002-4F23-B3A5-C0021BB07DF0}.Debug|Any CPU.ActiveCfg = Debug|Any CPU
		{8EE65663-5002-4F23-B3A5-C0021BB07DF0}.Debug|Any CPU.Build.0 = Debug|Any CPU
		{8EE65663-5002-4F23-B3A5-C0021BB07DF0}.Release|Any CPU.ActiveCfg = Release|Any CPU
		{8EE65663-5002-4F23-B3A5-C0021BB07DF0}.Release|Any CPU.Build.0 = Release|Any CPU
		{66CF06AA-8325-44FC-8223-335A509487B1}.Debug|Any CPU.ActiveCfg = Debug|Any CPU
		{66CF06AA-8325-44FC-8223-335A509487B1}.Debug|Any CPU.Build.0 = Debug|Any CPU
		{66CF06AA-8325-44FC-8223-335A509487B1}.Release|Any CPU.ActiveCfg = Release|Any CPU
		{66CF06AA-8325-44FC-8223-335A509487B1}.Release|Any CPU.Build.0 = Release|Any CPU
		{282D2BDA-13B6-4760-B675-56075FF5D964}.Debug|Any CPU.ActiveCfg = Debug|Any CPU
		{282D2BDA-13B6-4760-B675-56075FF5D964}.Debug|Any CPU.Build.0 = Debug|Any CPU
		{282D2BDA-13B6-4760-B675-56075FF5D964}.Release|Any CPU.ActiveCfg = Release|Any CPU
		{282D2BDA-13B6-4760-B675-56075FF5D964}.Release|Any CPU.Build.0 = Release|Any CPU
	EndGlobalSection
	GlobalSection(SolutionProperties) = preSolution
		HideSolutionNode = FALSE
	EndGlobalSection
	GlobalSection(ExtensibilityGlobals) = postSolution
		SolutionGuid = {086EE407-862C-4E8F-805D-ECA62F32C6E4}
	EndGlobalSection
EndGlobal
